# generated by rye
# use `rye lock` or `rye sync` to update this lockfile
#
# last locked with the following flags:
#   pre: false
#   features: []
#   all-features: false
#   with-sources: false
#   generate-hashes: false
#   universal: false

-e file:.
annotated-types==0.7.0
    # via pydantic
anyio==4.6.0
    # via starlette
attrs==24.2.0
    # via outcome
    # via trio
blinker==1.8.2
    # via flask
brotli==1.1.0
    # via geventhttpclient
certifi==2024.8.30
    # via elastic-transport
    # via geventhttpclient
    # via requests
    # via selenium
charset-normalizer==3.3.2
    # via requests
click==8.1.7
    # via drissionpage
    # via flask
    # via uvicorn
configargparse==1.7
    # via locust
cssselect==1.2.0
    # via drissionpage
datarecorder==3.6.0
    # via downloadkit
docker==7.1.0
    # via study-python
downloadkit==2.0.4
    # via drissionpage
drissionpage==4.1.0.7
    # via study-python
elastic-transport==8.15.1
    # via elasticsearch
elasticsearch==8.15.1
    # via study-python
et-xmlfile==1.1.0
    # via openpyxl
faker==30.3.0
    # via study-python
fastapi==0.115.0
    # via study-python
filelock==3.16.1
    # via tldextract
flask==3.0.3
    # via flask-cors
    # via flask-login
    # via locust
    # via study-python
flask-cors==5.0.0
    # via locust
flask-login==0.6.3
    # via locust
gevent==24.10.2
    # via geventhttpclient
    # via locust
    # via study-python
geventhttpclient==2.3.1
    # via locust
gitdb==4.0.11
    # via gitpython
gitpython==3.1.43
    # via study-python
greenlet==3.1.1
    # via gevent
h11==0.14.0
    # via uvicorn
    # via wsproto
idna==3.10
    # via anyio
    # via requests
    # via tldextract
    # via trio
itsdangerous==2.2.0
    # via flask
jinja2==3.1.4
    # via flask
kafka-python==2.0.2
    # via study-python
locust==2.31.8
    # via study-python
lxml==5.3.0
    # via drissionpage
markupsafe==3.0.1
    # via jinja2
    # via werkzeug
mouseinfo==0.1.3
    # via pyautogui
msgpack==1.1.0
    # via locust
numpy==2.1.1
    # via opencv-python
    # via pandas
    # via study-python
opencv-python==4.10.0.84
    # via study-python
openpyxl==3.1.5
    # via datarecorder
outcome==1.3.0.post0
    # via trio
pandas==2.2.3
    # via study-python
pillow==10.4.0
    # via pyscreeze
psutil==6.0.0
    # via drissionpage
    # via locust
pyautogui==0.9.54
    # via study-python
pydantic==2.9.2
    # via fastapi
pydantic-core==2.23.4
    # via pydantic
pygetwindow==0.0.9
    # via pyautogui
pymsgbox==1.0.9
    # via pyautogui
pymysql==1.1.1
    # via study-python
pyobjc-core==10.3.1
    # via pyautogui
    # via pyobjc-framework-cocoa
    # via pyobjc-framework-quartz
pyobjc-framework-cocoa==10.3.1
    # via pyobjc-framework-quartz
pyobjc-framework-quartz==10.3.1
    # via pyautogui
pyperclip==1.9.0
    # via mouseinfo
pyrect==0.2.0
    # via pygetwindow
pyscreeze==1.0.1
    # via pyautogui
pysocks==1.7.1
    # via urllib3
python-dateutil==2.9.0.post0
    # via faker
    # via pandas
pytweening==1.2.0
    # via pyautogui
pytz==2024.2
    # via pandas
pywifi==1.1.12
    # via study-python
pyzmq==26.2.0
    # via locust
requests==2.32.3
    # via docker
    # via downloadkit
    # via drissionpage
    # via locust
    # via requests-file
    # via study-python
    # via tldextract
requests-file==2.1.0
    # via tldextract
rubicon-objc==0.4.9
    # via mouseinfo
selenium==4.25.0
    # via study-python
setuptools==75.1.0
    # via zope-event
    # via zope-interface
six==1.16.0
    # via python-dateutil
smmap==5.0.1
    # via gitdb
sniffio==1.3.1
    # via anyio
    # via trio
sortedcontainers==2.4.0
    # via trio
sqlalchemy==2.0.35
    # via study-python
starlette==0.38.6
    # via fastapi
tldextract==5.1.2
    # via drissionpage
trio==0.26.2
    # via selenium
    # via trio-websocket
trio-websocket==0.11.1
    # via selenium
typing-extensions==4.12.2
    # via faker
    # via fastapi
    # via pydantic
    # via pydantic-core
    # via selenium
    # via sqlalchemy
tzdata==2024.2
    # via pandas
urllib3==2.2.3
    # via docker
    # via elastic-transport
    # via geventhttpclient
    # via requests
    # via selenium
uvicorn==0.31.1
    # via study-python
websocket-client==1.8.0
    # via drissionpage
    # via selenium
werkzeug==3.0.4
    # via flask
    # via flask-login
    # via locust
wsproto==1.2.0
    # via trio-websocket
zope-event==5.0
    # via gevent
zope-interface==7.1.0
    # via gevent
